
Microsoft Visual Studio Solution File, Format Version 12.00
# Visual Studio Version 17
VisualStudioVersion = 17.10.35004.147
MinimumVisualStudioVersion = 10.0.40219.1
Project("{9A19103F-16F7-4668-BE54-9A1E7A4F7556}") = "GoodReadsClone.Api", "GoodReadersClone.Api\GoodReadsClone.Api.csproj", "{A34E46EA-454B-471A-8994-795C1734BA7B}"
EndProject
Project("{9A19103F-16F7-4668-BE54-9A1E7A4F7556}") = "GoodReadsClone.Domain", "GoodReadersClone.Domain\GoodReadsClone.Domain.csproj", "{43C9CF3B-2217-43EE-B3B4-AD176BD60AC6}"
EndProject
Project("{9A19103F-16F7-4668-BE54-9A1E7A4F7556}") = "GoodReadsClone.Application", "GoodReadersClone.Application\GoodReadsClone.Application.csproj", "{4D3EBF6F-E8A2-4E9A-814C-532083CC9C52}"
EndProject
Project("{9A19103F-16F7-4668-BE54-9A1E7A4F7556}") = "GoodReadsClone.Infrastructure", "GoodReadersClone.Infrastructure\GoodReadsClone.Infrastructure.csproj", "{6ABCCF96-A6C2-417A-9B20-F6B5CE1523E6}"
EndProject
Global
	GlobalSection(SolutionConfigurationPlatforms) = preSolution
		Debug|Any CPU = Debug|Any CPU
		Release|Any CPU = Release|Any CPU
	EndGlobalSection
	GlobalSection(ProjectConfigurationPlatforms) = postSolution
		{A34E46EA-454B-471A-8994-795C1734BA7B}.Debug|Any CPU.ActiveCfg = Debug|Any CPU
		{A34E46EA-454B-471A-8994-795C1734BA7B}.Debug|Any CPU.Build.0 = Debug|Any CPU
		{A34E46EA-454B-471A-8994-795C1734BA7B}.Release|Any CPU.ActiveCfg = Release|Any CPU
		{A34E46EA-454B-471A-8994-795C1734BA7B}.Release|Any CPU.Build.0 = Release|Any CPU
		{43C9CF3B-2217-43EE-B3B4-AD176BD60AC6}.Debug|Any CPU.ActiveCfg = Debug|Any CPU
		{43C9CF3B-2217-43EE-B3B4-AD176BD60AC6}.Debug|Any CPU.Build.0 = Debug|Any CPU
		{43C9CF3B-2217-43EE-B3B4-AD176BD60AC6}.Release|Any CPU.ActiveCfg = Release|Any CPU
		{43C9CF3B-2217-43EE-B3B4-AD176BD60AC6}.Release|Any CPU.Build.0 = Release|Any CPU
		{4D3EBF6F-E8A2-4E9A-814C-532083CC9C52}.Debug|Any CPU.ActiveCfg = Debug|Any CPU
		{4D3EBF6F-E8A2-4E9A-814C-532083CC9C52}.Debug|Any CPU.Build.0 = Debug|Any CPU
		{4D3EBF6F-E8A2-4E9A-814C-532083CC9C52}.Release|Any CPU.ActiveCfg = Release|Any CPU
		{4D3EBF6F-E8A2-4E9A-814C-532083CC9C52}.Release|Any CPU.Build.0 = Release|Any CPU
		{6ABCCF96-A6C2-417A-9B20-F6B5CE1523E6}.Debug|Any CPU.ActiveCfg = Debug|Any CPU
		{6ABCCF96-A6C2-417A-9B20-F6B5CE1523E6}.Debug|Any CPU.Build.0 = Debug|Any CPU
		{6ABCCF96-A6C2-417A-9B20-F6B5CE1523E6}.Release|Any CPU.ActiveCfg = Release|Any CPU
		{6ABCCF96-A6C2-417A-9B20-F6B5CE1523E6}.Release|Any CPU.Build.0 = Release|Any CPU
	EndGlobalSection
	GlobalSection(SolutionProperties) = preSolution
		HideSolutionNode = FALSE
	EndGlobalSection
	GlobalSection(ExtensibilityGlobals) = postSolution
		SolutionGuid = {3D667B37-F9EE-461E-8058-617127394FAA}
	EndGlobalSection
EndGlobal
